github.com/Kasita-Inc/gadget v0.0.0-20181214222941-00e7cc205221 h1:u0QyF1rJasTeooNNvZMIkrcX2d30Hfe1FDdSdCftBEc=
github.com/Kasita-Inc/gadget v0.0.0-20181214222941-00e7cc205221/go.mod h1:i+W21MVE+pLmLEuhJ/6CIbk/4YPqf36vtP6/fv0XGuM=
github.com/anthonyheidenreich/gadget v0.0.0-20181102145305-995541877f46 h1:wRGsaae2YGbIF259FdzUCzW8biEVdVoFUMJdlOUeaWI=
github.com/anthonyheidenreich/gadget v0.0.0-20181102145305-995541877f46/go.mod h1:FkYYTVxKAASx8NXWqaGc7rhrkAaUQETzEof5fX6L1lQ=
github.com/davecgh/go-spew v1.1.0 h1:ZDRjVQ15GmhC3fiQ8ni8+OwkZQO4DARzQgrnXU1Liz8=
github.com/davecgh/go-spew v1.1.0/go.mod h1:J7Y8YcW2NihsgmVo/mv3lAwl/skON4iLHjSsI+c5H38=
github.com/go-stack/stack v1.8.0 h1:5SgMzNM5HxrEjV0ww2lTmX6E2Izsfxas4+YHWRs3Lsk=
github.com/go-stack/stack v1.8.0/go.mod h1:v0f6uXyyMGvRgIKkXu+yp6POWl0qKG85gN/melR3HDY=
github.com/golang/protobuf v1.3.3 h1:gyjaxf+svBWX08ZjK86iN9geUJF0H6gp2IRKX6Nf6/I=
github.com/golang/protobuf v1.3.3/go.mod h1:vzj43D7+SQXF/4pzW/hwtAqwc6iTitCiVSaWz5lYuqw=
github.com/google/uuid v1.1.0 h1:Jf4mxPC/ziBnoPIdpQdPJ9OeiomAUHLvxmPRSPH9m4s=
github.com/google/uuid v1.1.0/go.mod h1:TIyPZe4MgqvfeYDBFedMoGGpEw/LqOeaOT+nhxU+yHo=
github.com/pmezard/go-difflib v1.0.0 h1:4DBwDE0NGyQoBHbLQYPwSUPoCMWR5BEzIk/f1lZbAQM=
github.com/pmezard/go-difflib v1.0.0/go.mod h1:iKH77koFhYxTK1pcRnkKkqfTogsbg7gZNVY4sRDYZ/4=
github.com/stretchr/objx v0.1.0/go.mod h1:HFkY916IF+rwdDfMAkV7OtwuqBVzrE8GR6GFx+wExME=
github.com/stretchr/testify v1.4.0 h1:2E4SXV/wtOkTonXsotYi4li6zVWxYlZuYNCXe9XRJyk=
github.com/stretchr/testify v1.4.0/go.mod h1:j7eGeouHqKxXV5pUuKE4zz7dFj8WfuZ+81PSLYec5m4=
gitlab.com/beacon-software/gadget v0.0.0-20181120202637-0e8bfdb3d7bf h1:9t0vVgmw1laWRkS6BW1W7t6lBGPjUAvy2USXJRn8bq8=
gitlab.com/beacon-software/gadget v0.0.0-20181120202637-0e8bfdb3d7bf/go.mod h1:hWN9zQcXCvRsYghgXZK9T9Iac32pQpHp7UiHg8Xkass=
gitlab.com/beacon-software/go-embed v0.0.0-20190413184420-21d064117028 h1:hHtaxM5MiRhSwoQ0Y8/lHKBlzKuDs2WyfVp784pI6OU=
gitlab.com/beacon-software/go-embed v0.0.0-20190413184420-21d064117028/go.mod h1:fkgfcAYqiY++AUqBXC1QEh/SEiIl75L2bloOeSYUO0w=
gopkg.in/check.v1 v0.0.0-20161208181325-20d25e280405 h1:yhCVgyC4o1eVCa2tZl7eS0r+SDo693bJlVdllGtEeKM=
gopkg.in/check.v1 v0.0.0-20161208181325-20d25e280405/go.mod h1:Co6ibVJAznAaIkqp8huTwlJQCZ016jof/cbN4VW5Yz0=
gopkg.in/yaml.v2 v2.2.2 h1:ZCJp+EgiOT7lHqUV2J862kp8Qj64Jo6az82+3Td9dZw=
gopkg.in/yaml.v2 v2.2.2/go.mod h1:hI93XBmqTisBFMUTm0b8Fm+jr3Dg1NNxqwp+5A1VGuI=
